<?xml version="1.0" encoding="utf-8"?>
<Project ToolsVersion="4.0" xmlns="http://schemas.microsoft.com/developer/msbuild/2003">
  <ItemGroup>
    <Filter Include="GatewayServer">
      <UniqueIdentifier>{8fec03b9-f607-4241-a233-6eff44f5ce64}</UniqueIdentifier>
    </Filter>
  </ItemGroup>
  <ItemGroup>
    <ClCompile Include="..\..\..\..\GatewayServer\base.cpp">
      <Filter>GatewayServer</Filter>
    </ClCompile>
    <ClCompile Include="..\..\..\..\GatewayServer\BillWriter.cpp">
      <Filter>GatewayServer</Filter>
    </ClCompile>
    <ClCompile Include="..\..\..\..\GatewayServer\CodeDispatcher.cpp">
      <Filter>GatewayServer</Filter>
    </ClCompile>
    <ClCompile Include="..\..\..\..\GatewayServer\CodeQueue.cpp">
      <Filter>GatewayServer</Filter>
    </ClCompile>
    <ClCompile Include="..\..\..\..\GatewayServer\CodeQueueAssemble.cpp">
      <Filter>GatewayServer</Filter>
    </ClCompile>
    <ClCompile Include="..\..\..\..\GatewayServer\ConfigAssemble.cpp">
      <Filter>GatewayServer</Filter>
    </ClCompile>
    <ClCompile Include="..\..\..\..\GatewayServer\ConfigFile.cpp">
      <Filter>GatewayServer</Filter>
    </ClCompile>
    <ClCompile Include="..\..\..\..\GatewayServer\EpollWrapper.cpp">
      <Filter>GatewayServer</Filter>
    </ClCompile>
    <ClCompile Include="..\..\..\..\GatewayServer\ExternalClientPool.cpp">
      <Filter>GatewayServer</Filter>
    </ClCompile>
    <ClCompile Include="..\..\..\..\GatewayServer\ExternalOutputThread.cpp">
      <Filter>GatewayServer</Filter>
    </ClCompile>
    <ClCompile Include="..\..\..\..\GatewayServer\FDPool.cpp">
      <Filter>GatewayServer</Filter>
    </ClCompile>
    <ClCompile Include="..\..\..\..\GatewayServer\InternalServerPool.cpp">
      <Filter>GatewayServer</Filter>
    </ClCompile>
    <ClCompile Include="..\..\..\..\GatewayServer\IOHandler.cpp">
      <Filter>GatewayServer</Filter>
    </ClCompile>
    <ClCompile Include="..\..\..\..\GatewayServer\LotusConfigMng.cpp">
      <Filter>GatewayServer</Filter>
    </ClCompile>
    <ClCompile Include="..\..\..\..\GatewayServer\LotusListener.cpp">
      <Filter>GatewayServer</Filter>
    </ClCompile>
    <ClCompile Include="..\..\..\..\GatewayServer\LotusLogAdapter.cpp">
      <Filter>GatewayServer</Filter>
    </ClCompile>
    <ClCompile Include="..\..\..\..\GatewayServer\LotusLogEngine.cpp">
      <Filter>GatewayServer</Filter>
    </ClCompile>
    <ClCompile Include="..\..\..\..\GatewayServer\LotusStatistic.cpp">
      <Filter>GatewayServer</Filter>
    </ClCompile>
    <ClCompile Include="..\..\..\..\GatewayServer\MainApp.cpp">
      <Filter>GatewayServer</Filter>
    </ClCompile>
    <ClCompile Include="..\..\..\..\GatewayServer\MsgStatistic.cpp">
      <Filter>GatewayServer</Filter>
    </ClCompile>
    <ClCompile Include="..\..\..\..\GatewayServer\OverloadSafeguard.cpp">
      <Filter>GatewayServer</Filter>
    </ClCompile>
    <ClCompile Include="..\..\..\..\GatewayServer\SectionConfig.cpp">
      <Filter>GatewayServer</Filter>
    </ClCompile>
    <ClCompile Include="..\..\..\..\GatewayServer\SharedMemory.cpp">
      <Filter>GatewayServer</Filter>
    </ClCompile>
    <ClCompile Include="..\..\..\..\GatewayServer\SignalWrapper.cpp">
      <Filter>GatewayServer</Filter>
    </ClCompile>
    <ClCompile Include="..\..\..\..\GatewayServer\SocketOperator.cpp">
      <Filter>GatewayServer</Filter>
    </ClCompile>
    <ClCompile Include="..\..\..\..\GatewayServer\Statistic.cpp">
      <Filter>GatewayServer</Filter>
    </ClCompile>
    <ClCompile Include="..\..\..\..\GatewayServer\TimeTools.cpp">
      <Filter>GatewayServer</Filter>
    </ClCompile>
  </ItemGroup>
  <ItemGroup>
    <ClInclude Include="..\..\..\..\GatewayServer\base.hpp">
      <Filter>GatewayServer</Filter>
    </ClInclude>
    <ClInclude Include="..\..\..\..\GatewayServer\BillWriter.hpp">
      <Filter>GatewayServer</Filter>
    </ClInclude>
    <ClInclude Include="..\..\..\..\GatewayServer\CodeDispatcher.hpp">
      <Filter>GatewayServer</Filter>
    </ClInclude>
    <ClInclude Include="..\..\..\..\GatewayServer\CodeQueue.hpp">
      <Filter>GatewayServer</Filter>
    </ClInclude>
    <ClInclude Include="..\..\..\..\GatewayServer\CodeQueueAssemble.hpp">
      <Filter>GatewayServer</Filter>
    </ClInclude>
    <ClInclude Include="..\..\..\..\GatewayServer\ConfigAssemble.hpp">
      <Filter>GatewayServer</Filter>
    </ClInclude>
    <ClInclude Include="..\..\..\..\GatewayServer\ConfigDefine.hpp">
      <Filter>GatewayServer</Filter>
    </ClInclude>
    <ClInclude Include="..\..\..\..\GatewayServer\ConfigFile.hpp">
      <Filter>GatewayServer</Filter>
    </ClInclude>
    <ClInclude Include="..\..\..\..\GatewayServer\EpollWrapper.hpp">
      <Filter>GatewayServer</Filter>
    </ClInclude>
    <ClInclude Include="..\..\..\..\GatewayServer\ErrorDef.hpp">
      <Filter>GatewayServer</Filter>
    </ClInclude>
    <ClInclude Include="..\..\..\..\GatewayServer\ExternalClientPool.hpp">
      <Filter>GatewayServer</Filter>
    </ClInclude>
    <ClInclude Include="..\..\..\..\GatewayServer\ExternalOutputThread.hpp">
      <Filter>GatewayServer</Filter>
    </ClInclude>
    <ClInclude Include="..\..\..\..\GatewayServer\FDPool.hpp">
      <Filter>GatewayServer</Filter>
    </ClInclude>
    <ClInclude Include="..\..\..\..\GatewayServer\GlobalValue.hpp">
      <Filter>GatewayServer</Filter>
    </ClInclude>
    <ClInclude Include="..\..\..\..\GatewayServer\IntegerHash.hpp">
      <Filter>GatewayServer</Filter>
    </ClInclude>
    <ClInclude Include="..\..\..\..\GatewayServer\InternalServerPool.hpp">
      <Filter>GatewayServer</Filter>
    </ClInclude>
    <ClInclude Include="..\..\..\..\GatewayServer\IOHandler.hpp">
      <Filter>GatewayServer</Filter>
    </ClInclude>
    <ClInclude Include="..\..\..\..\GatewayServer\LotusConfigMng.hpp">
      <Filter>GatewayServer</Filter>
    </ClInclude>
    <ClInclude Include="..\..\..\..\GatewayServer\LotusDefine.hpp">
      <Filter>GatewayServer</Filter>
    </ClInclude>
    <ClInclude Include="..\..\..\..\GatewayServer\LotusListener.hpp">
      <Filter>GatewayServer</Filter>
    </ClInclude>
    <ClInclude Include="..\..\..\..\GatewayServer\LotusLogAdapter.hpp">
      <Filter>GatewayServer</Filter>
    </ClInclude>
    <ClInclude Include="..\..\..\..\GatewayServer\LotusLogEngine.hpp">
      <Filter>GatewayServer</Filter>
    </ClInclude>
    <ClInclude Include="..\..\..\..\GatewayServer\LotusStatistic.hpp">
      <Filter>GatewayServer</Filter>
    </ClInclude>
    <ClInclude Include="..\..\..\..\GatewayServer\MsgStatistic.hpp">
      <Filter>GatewayServer</Filter>
    </ClInclude>
    <ClInclude Include="..\..\..\..\GatewayServer\OverloadSafeguard.hpp">
      <Filter>GatewayServer</Filter>
    </ClInclude>
    <ClInclude Include="..\..\..\..\GatewayServer\SectionConfig.hpp">
      <Filter>GatewayServer</Filter>
    </ClInclude>
    <ClInclude Include="..\..\..\..\GatewayServer\SharedMemory.hpp">
      <Filter>GatewayServer</Filter>
    </ClInclude>
    <ClInclude Include="..\..\..\..\GatewayServer\ShmObjectCreator.hpp">
      <Filter>GatewayServer</Filter>
    </ClInclude>
    <ClInclude Include="..\..\..\..\GatewayServer\SignalWrapper.hpp">
      <Filter>GatewayServer</Filter>
    </ClInclude>
    <ClInclude Include="..\..\..\..\GatewayServer\SingletonTemplate.hpp">
      <Filter>GatewayServer</Filter>
    </ClInclude>
    <ClInclude Include="..\..\..\..\GatewayServer\SocketOperator.hpp">
      <Filter>GatewayServer</Filter>
    </ClInclude>
    <ClInclude Include="..\..\..\..\GatewayServer\Statistic.hpp">
      <Filter>GatewayServer</Filter>
    </ClInclude>
    <ClInclude Include="..\..\..\..\GatewayServer\TimeTools.hpp">
      <Filter>GatewayServer</Filter>
    </ClInclude>
  </ItemGroup>
  <ItemGroup>
    <Text Include="..\..\..\..\GatewayServer\CMakeLists.txt">
      <Filter>GatewayServer</Filter>
    </Text>
  </ItemGroup>
</Project>